// !$*UTF8*$!
{
	archiveVersion = 1;
	classes = {
	};
	objectVersion = 56;
	objects = {

/* Begin PBXBuildFile section */
		4D194FD42B0146D300FD5373 /* Basic.glsl in CopyFiles */ = {isa = PBXBuildFile; fileRef = 4D194FD22B01395B00FD5373 /* Basic.glsl */; };
		4D61D97F2B00FB3A00B8D4DA /* main.cpp in Sources */ = {isa = PBXBuildFile; fileRef = 4D61D97E2B00FB3A00B8D4DA /* main.cpp */; };
		4D61D9872B00FE8600B8D4DA /* OpenGL.framework in Frameworks */ = {isa = PBXBuildFile; fileRef = 4D61D9862B00FE8600B8D4DA /* OpenGL.framework */; };
		4D61D9892B00FF2400B8D4DA /* libglfw.3.3.dylib in Frameworks */ = {isa = PBXBuildFile; fileRef = 4D61D9882B00FF2400B8D4DA /* libglfw.3.3.dylib */; };
		4D61D98C2B01053F00B8D4DA /* libGLEW.2.2.0.dylib in Frameworks */ = {isa = PBXBuildFile; fileRef = 4D61D98B2B01053F00B8D4DA /* libGLEW.2.2.0.dylib */; };
/* End PBXBuildFile section */

/* Begin PBXCopyFilesBuildPhase section */
		4D61D9792B00FB3A00B8D4DA /* CopyFiles */ = {
			isa = PBXCopyFilesBuildPhase;
			buildActionMask = 12;
			dstPath = "";
			dstSubfolderSpec = 16;
			files = (
				4D194FD42B0146D300FD5373 /* Basic.glsl in CopyFiles */,
			);
			runOnlyForDeploymentPostprocessing = 0;
		};
/* End PBXCopyFilesBuildPhase section */

/* Begin PBXFileReference section */
		4D194FD22B01395B00FD5373 /* Basic.glsl */ = {isa = PBXFileReference; lastKnownFileType = text; path = Basic.glsl; sourceTree = "<group>"; };
		4D61D97B2B00FB3A00B8D4DA /* OpenGLTutorial */ = {isa = PBXFileReference; explicitFileType = "compiled.mach-o.executable"; includeInIndex = 0; path = OpenGLTutorial; sourceTree = BUILT_PRODUCTS_DIR; };
		4D61D97E2B00FB3A00B8D4DA /* main.cpp */ = {isa = PBXFileReference; lastKnownFileType = sourcecode.cpp.cpp; path = main.cpp; sourceTree = "<group>"; };
		4D61D9862B00FE8600B8D4DA /* OpenGL.framework */ = {isa = PBXFileReference; lastKnownFileType = wrapper.framework; name = OpenGL.framework; path = System/Library/Frameworks/OpenGL.framework; sourceTree = SDKROOT; };
		4D61D9882B00FF2400B8D4DA /* libglfw.3.3.dylib */ = {isa = PBXFileReference; lastKnownFileType = "compiled.mach-o.dylib"; name = libglfw.3.3.dylib; path = ../../../../../opt/homebrew/Cellar/glfw/3.3.8/lib/libglfw.3.3.dylib; sourceTree = "<group>"; };
		4D61D98A2B0100A100B8D4DA /* OpenGLTutorial.entitlements */ = {isa = PBXFileReference; lastKnownFileType = text.plist.entitlements; path = OpenGLTutorial.entitlements; sourceTree = "<group>"; };
		4D61D98B2B01053F00B8D4DA /* libGLEW.2.2.0.dylib */ = {isa = PBXFileReference; lastKnownFileType = "compiled.mach-o.dylib"; name = libGLEW.2.2.0.dylib; path = ../../../../../opt/homebrew/Cellar/glew/2.2.0_1/lib/libGLEW.2.2.0.dylib; sourceTree = "<group>"; };
/* End PBXFileReference section */

/* Begin PBXFrameworksBuildPhase section */
		4D61D9782B00FB3A00B8D4DA /* Frameworks */ = {
			isa = PBXFrameworksBuildPhase;
			buildActionMask = 2147483647;
			files = (
				4D61D98C2B01053F00B8D4DA /* libGLEW.2.2.0.dylib in Frameworks */,
				4D61D9892B00FF2400B8D4DA /* libglfw.3.3.dylib in Frameworks */,
				4D61D9872B00FE8600B8D4DA /* OpenGL.framework in Frameworks */,
			);
			runOnlyForDeploymentPostprocessing = 0;
		};
/* End PBXFrameworksBuildPhase section */

/* Begin PBXGroup section */
		4D61D9722B00FB3A00B8D4DA = {
			isa = PBXGroup;
			children = (
				4D61D97D2B00FB3A00B8D4DA /* OpenGLTutorial */,
				4D61D97C2B00FB3A00B8D4DA /* Products */,
				4D61D9852B00FE8600B8D4DA /* Frameworks */,
			);
			sourceTree = "<group>";
		};
		4D61D97C2B00FB3A00B8D4DA /* Products */ = {
			isa = PBXGroup;
			children = (
				4D61D97B2B00FB3A00B8D4DA /* OpenGLTutorial */,
			);
			name = Products;
			sourceTree = "<group>";
		};
		4D61D97D2B00FB3A00B8D4DA /* OpenGLTutorial */ = {
			isa = PBXGroup;
			children = (
				4D61D98D2B01378500B8D4DA /* res */,
				4D61D98A2B0100A100B8D4DA /* OpenGLTutorial.entitlements */,
				4D61D97E2B00FB3A00B8D4DA /* main.cpp */,
			);
			path = OpenGLTutorial;
			sourceTree = "<group>";
		};
		4D61D9852B00FE8600B8D4DA /* Frameworks */ = {
			isa = PBXGroup;
			children = (
				4D61D98B2B01053F00B8D4DA /* libGLEW.2.2.0.dylib */,
				4D61D9882B00FF2400B8D4DA /* libglfw.3.3.dylib */,
				4D61D9862B00FE8600B8D4DA /* OpenGL.framework */,
			);
			name = Frameworks;
			sourceTree = "<group>";
		};
		4D61D98D2B01378500B8D4DA /* res */ = {
			isa = PBXGroup;
			children = (
				4D61D98E2B01378D00B8D4DA /* shaders */,
			);
			path = res;
			sourceTree = "<group>";
		};
		4D61D98E2B01378D00B8D4DA /* shaders */ = {
			isa = PBXGroup;
			children = (
				4D194FD22B01395B00FD5373 /* Basic.glsl */,
			);
			path = shaders;
			sourceTree = "<group>";
		};
/* End PBXGroup section */

/* Begin PBXNativeTarget section */
		4D61D97A2B00FB3A00B8D4DA /* OpenGLTutorial */ = {
			isa = PBXNativeTarget;
			buildConfigurationList = 4D61D9822B00FB3A00B8D4DA /* Build configuration list for PBXNativeTarget "OpenGLTutorial" */;
			buildPhases = (
				4D61D9772B00FB3A00B8D4DA /* Sources */,
				4D61D9782B00FB3A00B8D4DA /* Frameworks */,
				4D61D9792B00FB3A00B8D4DA /* CopyFiles */,
			);
			buildRules = (
			);
			dependencies = (
			);
			name = OpenGLTutorial;
			productName = OpenGLTutorial;
			productReference = 4D61D97B2B00FB3A00B8D4DA /* OpenGLTutorial */;
			productType = "com.apple.product-type.tool";
		};
/* End PBXNativeTarget section */

/* Begin PBXProject section */
		4D61D9732B00FB3A00B8D4DA /* Project object */ = {
			isa = PBXProject;
			attributes = {
				BuildIndependentTargetsInParallel = 1;
				LastUpgradeCheck = 1430;
				TargetAttributes = {
					4D61D97A2B00FB3A00B8D4DA = {
						CreatedOnToolsVersion = 14.3.1;
					};
				};
			};
			buildConfigurationList = 4D61D9762B00FB3A00B8D4DA /* Build configuration list for PBXProject "OpenGLTutorial" */;
			compatibilityVersion = "Xcode 14.0";
			developmentRegion = en;
			hasScannedForEncodings = 0;
			knownRegions = (
				en,
				Base,
			);
			mainGroup = 4D61D9722B00FB3A00B8D4DA;
			productRefGroup = 4D61D97C2B00FB3A00B8D4DA /* Products */;
			projectDirPath = "";
			projectRoot = "";
			targets = (
				4D61D97A2B00FB3A00B8D4DA /* OpenGLTutorial */,
			);
		};
/* End PBXProject section */

/* Begin PBXSourcesBuildPhase section */
		4D61D9772B00FB3A00B8D4DA /* Sources */ = {
			isa = PBXSourcesBuildPhase;
			buildActionMask = 2147483647;
			files = (
				4D61D97F2B00FB3A00B8D4DA /* main.cpp in Sources */,
			);
			runOnlyForDeploymentPostprocessing = 0;
		};
/* End PBXSourcesBuildPhase section */

/* Begin XCBuildConfiguration section */
		4D61D9802B00FB3A00B8D4DA /* Debug */ = {
			isa = XCBuildConfiguration;
			buildSettings = {
				ALWAYS_SEARCH_USER_PATHS = NO;
				CLANG_ANALYZER_NONNULL = YES;
				CLANG_ANALYZER_NUMBER_OBJECT_CONVERSION = YES_AGGRESSIVE;
				CLANG_CXX_LANGUAGE_STANDARD = "gnu++20";
				CLANG_ENABLE_MODULES = YES;
				CLANG_ENABLE_OBJC_ARC = YES;
				CLANG_ENABLE_OBJC_WEAK = YES;
				CLANG_WARN_BLOCK_CAPTURE_AUTORELEASING = YES;
				CLANG_WARN_BOOL_CONVERSION = YES;
				CLANG_WARN_COMMA = YES;
				CLANG_WARN_CONSTANT_CONVERSION = YES;
				CLANG_WARN_DEPRECATED_OBJC_IMPLEMENTATIONS = YES;
				CLANG_WARN_DIRECT_OBJC_ISA_USAGE = YES_ERROR;
				CLANG_WARN_DOCUMENTATION_COMMENTS = YES;
				CLANG_WARN_EMPTY_BODY = YES;
				CLANG_WARN_ENUM_CONVERSION = YES;
				CLANG_WARN_INFINITE_RECURSION = YES;
				CLANG_WARN_INT_CONVERSION = YES;
				CLANG_WARN_NON_LITERAL_NULL_CONVERSION = YES;
				CLANG_WARN_OBJC_IMPLICIT_RETAIN_SELF = YES;
				CLANG_WARN_OBJC_LITERAL_CONVERSION = YES;
				CLANG_WARN_OBJC_ROOT_CLASS = YES_ERROR;
				CLANG_WARN_QUOTED_INCLUDE_IN_FRAMEWORK_HEADER = YES;
				CLANG_WARN_RANGE_LOOP_ANALYSIS = YES;
				CLANG_WARN_STRICT_PROTOTYPES = YES;
				CLANG_WARN_SUSPICIOUS_MOVE = YES;
				CLANG_WARN_UNGUARDED_AVAILABILITY = YES_AGGRESSIVE;
				CLANG_WARN_UNREACHABLE_CODE = YES;
				CLANG_WARN__DUPLICATE_METHOD_MATCH = YES;
				COPY_PHASE_STRIP = NO;
				DEBUG_INFORMATION_FORMAT = dwarf;
				ENABLE_STRICT_OBJC_MSGSEND = YES;
				ENABLE_TESTABILITY = YES;
				GCC_C_LANGUAGE_STANDARD = gnu11;
				GCC_DYNAMIC_NO_PIC = NO;
				GCC_NO_COMMON_BLOCKS = YES;
				GCC_OPTIMIZATION_LEVEL = 0;
				GCC_PREPROCESSOR_DEFINITIONS = (
					"DEBUG=1",
					"$(inherited)",
				);
				GCC_WARN_64_TO_32_BIT_CONVERSION = YES;
				GCC_WARN_ABOUT_RETURN_TYPE = YES_ERROR;
				GCC_WARN_UNDECLARED_SELECTOR = YES;
				GCC_WARN_UNINITIALIZED_AUTOS = YES_AGGRESSIVE;
				GCC_WARN_UNUSED_FUNCTION = YES;
				GCC_WARN_UNUSED_VARIABLE = YES;
				MACOSX_DEPLOYMENT_TARGET = 13.3;
				MTL_ENABLE_DEBUG_INFO = INCLUDE_SOURCE;
				MTL_FAST_MATH = YES;
				ONLY_ACTIVE_ARCH = YES;
				SDKROOT = macosx;
			};
			name = Debug;
		};
		4D61D9812B00FB3A00B8D4DA /* Release */ = {
			isa = XCBuildConfiguration;
			buildSettings = {
				ALWAYS_SEARCH_USER_PATHS = NO;
				CLANG_ANALYZER_NONNULL = YES;
				CLANG_ANALYZER_NUMBER_OBJECT_CONVERSION = YES_AGGRESSIVE;
				CLANG_CXX_LANGUAGE_STANDARD = "gnu++20";
				CLANG_ENABLE_MODULES = YES;
				CLANG_ENABLE_OBJC_ARC = YES;
				CLANG_ENABLE_OBJC_WEAK = YES;
				CLANG_WARN_BLOCK_CAPTURE_AUTORELEASING = YES;
				CLANG_WARN_BOOL_CONVERSION = YES;
				CLANG_WARN_COMMA = YES;
				CLANG_WARN_CONSTANT_CONVERSION = YES;
				CLANG_WARN_DEPRECATED_OBJC_IMPLEMENTATIONS = YES;
				CLANG_WARN_DIRECT_OBJC_ISA_USAGE = YES_ERROR;
				CLANG_WARN_DOCUMENTATION_COMMENTS = YES;
				CLANG_WARN_EMPTY_BODY = YES;
				CLANG_WARN_ENUM_CONVERSION = YES;
				CLANG_WARN_INFINITE_RECURSION = YES;
				CLANG_WARN_INT_CONVERSION = YES;
				CLANG_WARN_NON_LITERAL_NULL_CONVERSION = YES;
				CLANG_WARN_OBJC_IMPLICIT_RETAIN_SELF = YES;
				CLANG_WARN_OBJC_LITERAL_CONVERSION = YES;
				CLANG_WARN_OBJC_ROOT_CLASS = YES_ERROR;
				CLANG_WARN_QUOTED_INCLUDE_IN_FRAMEWORK_HEADER = YES;
				CLANG_WARN_RANGE_LOOP_ANALYSIS = YES;
				CLANG_WARN_STRICT_PROTOTYPES = YES;
				CLANG_WARN_SUSPICIOUS_MOVE = YES;
				CLANG_WARN_UNGUARDED_AVAILABILITY = YES_AGGRESSIVE;
				CLANG_WARN_UNREACHABLE_CODE = YES;
				CLANG_WARN__DUPLICATE_METHOD_MATCH = YES;
				COPY_PHASE_STRIP = NO;
				DEBUG_INFORMATION_FORMAT = "dwarf-with-dsym";
				ENABLE_NS_ASSERTIONS = NO;
				ENABLE_STRICT_OBJC_MSGSEND = YES;
				GCC_C_LANGUAGE_STANDARD = gnu11;
				GCC_NO_COMMON_BLOCKS = YES;
				GCC_WARN_64_TO_32_BIT_CONVERSION = YES;
				GCC_WARN_ABOUT_RETURN_TYPE = YES_ERROR;
				GCC_WARN_UNDECLARED_SELECTOR = YES;
				GCC_WARN_UNINITIALIZED_AUTOS = YES_AGGRESSIVE;
				GCC_WARN_UNUSED_FUNCTION = YES;
				GCC_WARN_UNUSED_VARIABLE = YES;
				MACOSX_DEPLOYMENT_TARGET = 13.3;
				MTL_ENABLE_DEBUG_INFO = NO;
				MTL_FAST_MATH = YES;
				SDKROOT = macosx;
			};
			name = Release;
		};
		4D61D9832B00FB3A00B8D4DA /* Debug */ = {
			isa = XCBuildConfiguration;
			buildSettings = {
				CODE_SIGN_ENTITLEMENTS = OpenGLTutorial/OpenGLTutorial.entitlements;
				CODE_SIGN_IDENTITY = "-";
				CODE_SIGN_STYLE = Automatic;
				DEVELOPMENT_TEAM = SXN6Q6JQNX;
				ENABLE_HARDENED_RUNTIME = YES;
				HEADER_SEARCH_PATHS = (
					/opt/homebrew/opt/glfw/include,
					/opt/homebrew/Cellar/glew/2.2.0_1/include,
				);
				LIBRARY_SEARCH_PATHS = (
					"$(inherited)",
					/opt/homebrew/Cellar/glfw/3.3.8/lib,
					/opt/homebrew/Cellar/glew/2.2.0_1/lib,
				);
				PRODUCT_NAME = "$(TARGET_NAME)";
			};
			name = Debug;
		};
		4D61D9842B00FB3A00B8D4DA /* Release */ = {
			isa = XCBuildConfiguration;
			buildSettings = {
				CODE_SIGN_ENTITLEMENTS = OpenGLTutorial/OpenGLTutorial.entitlements;
				CODE_SIGN_IDENTITY = "-";
				CODE_SIGN_STYLE = Automatic;
				DEVELOPMENT_TEAM = SXN6Q6JQNX;
				ENABLE_HARDENED_RUNTIME = YES;
				HEADER_SEARCH_PATHS = (
					/opt/homebrew/opt/glfw/include,
					/opt/homebrew/Cellar/glew/2.2.0_1/include,
				);
				LIBRARY_SEARCH_PATHS = (
					"$(inherited)",
					/opt/homebrew/Cellar/glfw/3.3.8/lib,
					/opt/homebrew/Cellar/glew/2.2.0_1/lib,
				);
				PRODUCT_NAME = "$(TARGET_NAME)";
			};
			name = Release;
		};
/* End XCBuildConfiguration section */

/* Begin XCConfigurationList section */
		4D61D9762B00FB3A00B8D4DA /* Build configuration list for PBXProject "OpenGLTutorial" */ = {
			isa = XCConfigurationList;
			buildConfigurations = (
				4D61D9802B00FB3A00B8D4DA /* Debug */,
				4D61D9812B00FB3A00B8D4DA /* Release */,
			);
			defaultConfigurationIsVisible = 0;
			defaultConfigurationName = Release;
		};
		4D61D9822B00FB3A00B8D4DA /* Build configuration list for PBXNativeTarget "OpenGLTutorial" */ = {
			isa = XCConfigurationList;
			buildConfigurations = (
				4D61D9832B00FB3A00B8D4DA /* Debug */,
				4D61D9842B00FB3A00B8D4DA /* Release */,
			);
			defaultConfigurationIsVisible = 0;
			defaultConfigurationName = Release;
		};
/* End XCConfigurationList section */
	};
	rootObject = 4D61D9732B00FB3A00B8D4DA /* Project object */;
}
